
Microsoft Visual Studio Solution File, Format Version 12.00
# Visual Studio Version 16
VisualStudioVersion = 16.0.28917.181
MinimumVisualStudioVersion = 10.0.40219.1
Project("{8BC9CEB8-8B4A-11D0-8D11-00A0C91BC942}") = "eggvance", "eggvance\eggvance.vcxproj", "{371B584C-D6D3-4974-ADF3-E66735450416}"
EndProject
Global
	GlobalSection(SolutionConfigurationPlatforms) = preSolution
		Debug|x64 = Debug|x64
		Release with console|x64 = Release with console|x64
		Release with symbols|x64 = Release with symbols|x64
		Release|x64 = Release|x64
	EndGlobalSection
	GlobalSection(ProjectConfigurationPlatforms) = postSolution
		{371B584C-D6D3-4974-ADF3-E66735450416}.Debug|x64.ActiveCfg = Debug|x64
		{371B584C-D6D3-4974-ADF3-E66735450416}.Debug|x64.Build.0 = Debug|x64
		{371B584C-D6D3-4974-ADF3-E66735450416}.Release with console|x64.ActiveCfg = Release with console|x64
		{371B584C-D6D3-4974-ADF3-E66735450416}.Release with console|x64.Build.0 = Release with console|x64
		{371B584C-D6D3-4974-ADF3-E66735450416}.Release with symbols|x64.ActiveCfg = Release with symbols|x64
		{371B584C-D6D3-4974-ADF3-E66735450416}.Release with symbols|x64.Build.0 = Release with symbols|x64
		{371B584C-D6D3-4974-ADF3-E66735450416}.Release|x64.ActiveCfg = Release|x64
		{371B584C-D6D3-4974-ADF3-E66735450416}.Release|x64.Build.0 = Release|x64
	EndGlobalSection
	GlobalSection(SolutionProperties) = preSolution
		HideSolutionNode = FALSE
	EndGlobalSection
	GlobalSection(ExtensibilityGlobals) = postSolution
		SolutionGuid = {45FA9FD5-6C6C-4292-9660-1C4CC9439C55}
	EndGlobalSection
EndGlobal
