<?xml version="1.0" encoding="utf-8"?>
<Project ToolsVersion="4.0" xmlns="http://schemas.microsoft.com/developer/msbuild/2003">
  <ItemGroup>
    <Filter Include="Source Files">
      <UniqueIdentifier>{4FC737F1-C7A5-4376-A066-2A32D752A2FF}</UniqueIdentifier>
      <Extensions>cpp;c;cc;cxx;def;odl;idl;hpj;bat;asm;asmx</Extensions>
    </Filter>
    <Filter Include="Header Files">
      <UniqueIdentifier>{93995380-89BD-4b04-88EB-625FBE52EBFB}</UniqueIdentifier>
      <Extensions>h;hh;hpp;hxx;hm;inl;inc;ipp;xsd</Extensions>
    </Filter>
    <Filter Include="Resource Files">
      <UniqueIdentifier>{67DA6AB6-F800-4c08-8B7A-83BB121AAD01}</UniqueIdentifier>
      <Extensions>rc;ico;cur;bmp;dlg;rc2;rct;bin;rgs;gif;jpg;jpeg;jpe;resx;tiff;tif;png;wav;mfcribbon-ms</Extensions>
    </Filter>
  </ItemGroup>
  <ItemGroup>
    <ClCompile Include="src\main.cpp">
      <Filter>Source Files</Filter>
    </ClCompile>
    <ClCompile Include="src\core.cpp">
      <Filter>Source Files</Filter>
    </ClCompile>
    <ClCompile Include="src\arm\arm.cpp">
      <Filter>Source Files</Filter>
    </ClCompile>
    <ClCompile Include="src\arm\instr_arm.cpp">
      <Filter>Source Files</Filter>
    </ClCompile>
    <ClCompile Include="src\arm\instr_thumb.cpp">
      <Filter>Source Files</Filter>
    </ClCompile>
    <ClCompile Include="src\mmu\mmu.cpp">
      <Filter>Source Files</Filter>
    </ClCompile>
    <ClCompile Include="src\ppu\ppu.cpp">
      <Filter>Source Files</Filter>
    </ClCompile>
    <ClCompile Include="src\ppu\render_text.cpp">
      <Filter>Source Files</Filter>
    </ClCompile>
    <ClCompile Include="src\arm\registers.cpp">
      <Filter>Source Files</Filter>
    </ClCompile>
    <ClCompile Include="src\arm\registerbank.cpp">
      <Filter>Source Files</Filter>
    </ClCompile>
    <ClCompile Include="src\arm\disassembler.cpp">
      <Filter>Source Files</Filter>
    </ClCompile>
    <ClCompile Include="src\arm\pipeline.cpp">
      <Filter>Source Files</Filter>
    </ClCompile>
    <ClCompile Include="src\mmu\registers\lcd\bgcnt.cpp">
      <Filter>Source Files</Filter>
    </ClCompile>
    <ClCompile Include="src\mmu\registers\lcd\dispcnt.cpp">
      <Filter>Source Files</Filter>
    </ClCompile>
    <ClCompile Include="src\mmu\registers\lcd\dispstat.cpp">
      <Filter>Source Files</Filter>
    </ClCompile>
    <ClCompile Include="src\mmu\registers\other\waitcnt.cpp">
      <Filter>Source Files</Filter>
    </ClCompile>
    <ClCompile Include="src\mmu\registers\other\keyinput.cpp">
      <Filter>Source Files</Filter>
    </ClCompile>
    <ClCompile Include="src\mmu\registers\lcd\vcount.cpp">
      <Filter>Source Files</Filter>
    </ClCompile>
    <ClCompile Include="src\mmu\registers\other\keycnt.cpp">
      <Filter>Source Files</Filter>
    </ClCompile>
    <ClCompile Include="src\ppu\render_bitmap.cpp">
      <Filter>Source Files</Filter>
    </ClCompile>
    <ClCompile Include="src\ppu\obj\oamentry.cpp">
      <Filter>Source Files</Filter>
    </ClCompile>
    <ClCompile Include="src\ppu\obj\attribute0.cpp">
      <Filter>Source Files</Filter>
    </ClCompile>
    <ClCompile Include="src\ppu\obj\attribute1.cpp">
      <Filter>Source Files</Filter>
    </ClCompile>
    <ClCompile Include="src\ppu\obj\attribute2.cpp">
      <Filter>Source Files</Filter>
    </ClCompile>
    <ClCompile Include="src\ppu\render_obj.cpp">
      <Filter>Source Files</Filter>
    </ClCompile>
  </ItemGroup>
  <ItemGroup>
    <ClInclude Include="src\core.h">
      <Filter>Header Files</Filter>
    </ClInclude>
    <ClInclude Include="src\common\integer.h">
      <Filter>Header Files</Filter>
    </ClInclude>
    <ClInclude Include="src\arm\arm.h">
      <Filter>Header Files</Filter>
    </ClInclude>
    <ClInclude Include="src\mmu\mmu.h">
      <Filter>Header Files</Filter>
    </ClInclude>
    <ClInclude Include="src\ppu\ppu.h">
      <Filter>Header Files</Filter>
    </ClInclude>
    <ClInclude Include="src\arm\enums.h">
      <Filter>Header Files</Filter>
    </ClInclude>
    <ClInclude Include="src\arm\registers.h">
      <Filter>Header Files</Filter>
    </ClInclude>
    <ClInclude Include="src\arm\registerbank.h">
      <Filter>Header Files</Filter>
    </ClInclude>
    <ClInclude Include="src\arm\disassembler.h">
      <Filter>Header Files</Filter>
    </ClInclude>
    <ClInclude Include="src\arm\utility.h">
      <Filter>Header Files</Filter>
    </ClInclude>
    <ClInclude Include="src\common\format.h">
      <Filter>Header Files</Filter>
    </ClInclude>
    <ClInclude Include="src\mmu\registers\lcd\bgcnt.h">
      <Filter>Header Files</Filter>
    </ClInclude>
    <ClInclude Include="src\mmu\registers\lcd\dispcnt.h">
      <Filter>Header Files</Filter>
    </ClInclude>
    <ClInclude Include="src\mmu\registers\lcd\dispstat.h">
      <Filter>Header Files</Filter>
    </ClInclude>
    <ClInclude Include="src\mmu\registers\other\waitcnt.h">
      <Filter>Header Files</Filter>
    </ClInclude>
    <ClInclude Include="src\mmu\registers\lcd\vcount.h">
      <Filter>Header Files</Filter>
    </ClInclude>
    <ClInclude Include="src\mmu\registers\other\keyinput.h">
      <Filter>Header Files</Filter>
    </ClInclude>
    <ClInclude Include="src\mmu\registers\register.h">
      <Filter>Header Files</Filter>
    </ClInclude>
    <ClInclude Include="src\mmu\registers\include.h">
      <Filter>Header Files</Filter>
    </ClInclude>
    <ClInclude Include="src\mmu\registers\other\keycnt.h">
      <Filter>Header Files</Filter>
    </ClInclude>
    <ClInclude Include="src\mmu\map.h">
      <Filter>Header Files</Filter>
    </ClInclude>
    <ClInclude Include="src\ppu\obj\oamentry.h">
      <Filter>Header Files</Filter>
    </ClInclude>
    <ClInclude Include="src\common\field.h">
      <Filter>Header Files</Filter>
    </ClInclude>
    <ClInclude Include="src\ppu\obj\attribute0.h">
      <Filter>Header Files</Filter>
    </ClInclude>
    <ClInclude Include="src\ppu\obj\attribute1.h">
      <Filter>Header Files</Filter>
    </ClInclude>
    <ClInclude Include="src\ppu\obj\attribute2.h">
      <Filter>Header Files</Filter>
    </ClInclude>
  </ItemGroup>
</Project>