<?xml version="1.0" encoding="utf-8"?>
<Project ToolsVersion="4.0" xmlns="http://schemas.microsoft.com/developer/msbuild/2003">
  <ItemGroup>
    <Filter Include="Source Files">
      <UniqueIdentifier>{4FC737F1-C7A5-4376-A066-2A32D752A2FF}</UniqueIdentifier>
      <Extensions>cpp;c;cc;cxx;def;odl;idl;hpj;bat;asm;asmx</Extensions>
    </Filter>
    <Filter Include="Header Files">
      <UniqueIdentifier>{93995380-89BD-4b04-88EB-625FBE52EBFB}</UniqueIdentifier>
      <Extensions>h;hh;hpp;hxx;hm;inl;inc;ipp;xsd</Extensions>
    </Filter>
    <Filter Include="Resource Files">
      <UniqueIdentifier>{67DA6AB6-F800-4c08-8B7A-83BB121AAD01}</UniqueIdentifier>
      <Extensions>rc;ico;cur;bmp;dlg;rc2;rct;bin;rgs;gif;jpg;jpeg;jpe;resx;tiff;tif;png;wav;mfcribbon-ms</Extensions>
    </Filter>
  </ItemGroup>
  <ItemGroup>
    <ClCompile Include="src\apu\apu.cpp">
      <Filter>Source Files</Filter>
    </ClCompile>
    <ClCompile Include="src\apu\envelope.cpp">
      <Filter>Source Files</Filter>
    </ClCompile>
    <ClCompile Include="src\apu\fifo.cpp">
      <Filter>Source Files</Filter>
    </ClCompile>
    <ClCompile Include="src\apu\io.cpp">
      <Filter>Source Files</Filter>
    </ClCompile>
    <ClCompile Include="src\apu\noise.cpp">
      <Filter>Source Files</Filter>
    </ClCompile>
    <ClCompile Include="src\apu\square1.cpp">
      <Filter>Source Files</Filter>
    </ClCompile>
    <ClCompile Include="src\apu\square2.cpp">
      <Filter>Source Files</Filter>
    </ClCompile>
    <ClCompile Include="src\apu\sweep.cpp">
      <Filter>Source Files</Filter>
    </ClCompile>
    <ClCompile Include="src\apu\wave.cpp">
      <Filter>Source Files</Filter>
    </ClCompile>
    <ClCompile Include="src\arm\arm.cpp">
      <Filter>Source Files</Filter>
    </ClCompile>
    <ClCompile Include="src\arm\bios.cpp">
      <Filter>Source Files</Filter>
    </ClCompile>
    <ClCompile Include="src\arm\instr_arm.cpp">
      <Filter>Source Files</Filter>
    </ClCompile>
    <ClCompile Include="src\arm\instr_thumb.cpp">
      <Filter>Source Files</Filter>
    </ClCompile>
    <ClCompile Include="src\arm\interrupt.cpp">
      <Filter>Source Files</Filter>
    </ClCompile>
    <ClCompile Include="src\arm\io.cpp">
      <Filter>Source Files</Filter>
    </ClCompile>
    <ClCompile Include="src\arm\memory.cpp">
      <Filter>Source Files</Filter>
    </ClCompile>
    <ClCompile Include="src\arm\mmio.cpp">
      <Filter>Source Files</Filter>
    </ClCompile>
    <ClCompile Include="src\arm\registers.cpp">
      <Filter>Source Files</Filter>
    </ClCompile>
    <ClCompile Include="src\base\config.cpp">
      <Filter>Source Files</Filter>
    </ClCompile>
    <ClCompile Include="src\frontend\audiocontext.cpp">
      <Filter>Source Files</Filter>
    </ClCompile>
    <ClCompile Include="src\frontend\inputcontext.cpp">
      <Filter>Source Files</Filter>
    </ClCompile>
    <ClCompile Include="src\frontend\main.cpp">
      <Filter>Source Files</Filter>
    </ClCompile>
    <ClCompile Include="src\frontend\videocontext.cpp">
      <Filter>Source Files</Filter>
    </ClCompile>
    <ClCompile Include="src\dma\dma.cpp">
      <Filter>Source Files</Filter>
    </ClCompile>
    <ClCompile Include="src\dma\dmachannel.cpp">
      <Filter>Source Files</Filter>
    </ClCompile>
    <ClCompile Include="src\keypad\keypad.cpp">
      <Filter>Source Files</Filter>
    </ClCompile>
    <ClCompile Include="src\gamepak\eeprom.cpp">
      <Filter>Source Files</Filter>
    </ClCompile>
    <ClCompile Include="src\gamepak\gamepak.cpp">
      <Filter>Source Files</Filter>
    </ClCompile>
    <ClCompile Include="src\gamepak\gpio.cpp">
      <Filter>Source Files</Filter>
    </ClCompile>
    <ClCompile Include="src\gamepak\overwrites.cpp">
      <Filter>Source Files</Filter>
    </ClCompile>
    <ClCompile Include="src\gamepak\rom.cpp">
      <Filter>Source Files</Filter>
    </ClCompile>
    <ClCompile Include="src\gamepak\rtc.cpp">
      <Filter>Source Files</Filter>
    </ClCompile>
    <ClCompile Include="src\gamepak\save.cpp">
      <Filter>Source Files</Filter>
    </ClCompile>
    <ClCompile Include="src\gamepak\sram.cpp">
      <Filter>Source Files</Filter>
    </ClCompile>
    <ClCompile Include="src\ppu\collapse.cpp">
      <Filter>Source Files</Filter>
    </ClCompile>
    <ClCompile Include="src\ppu\oam.cpp">
      <Filter>Source Files</Filter>
    </ClCompile>
    <ClCompile Include="src\ppu\oamentry.cpp">
      <Filter>Source Files</Filter>
    </ClCompile>
    <ClCompile Include="src\ppu\paletteram.cpp">
      <Filter>Source Files</Filter>
    </ClCompile>
    <ClCompile Include="src\ppu\ppu.cpp">
      <Filter>Source Files</Filter>
    </ClCompile>
    <ClCompile Include="src\ppu\render.cpp">
      <Filter>Source Files</Filter>
    </ClCompile>
    <ClCompile Include="src\ppu\videoram.cpp">
      <Filter>Source Files</Filter>
    </ClCompile>
    <ClCompile Include="src\timer\timer.cpp">
      <Filter>Source Files</Filter>
    </ClCompile>
    <ClCompile Include="src\timer\timerchannel.cpp">
      <Filter>Source Files</Filter>
    </ClCompile>
    <ClCompile Include="src\apu\waveram.cpp">
      <Filter>Source Files</Filter>
    </ClCompile>
    <ClCompile Include="src\apu\length.cpp">
      <Filter>Source Files</Filter>
    </ClCompile>
    <ClCompile Include="src\apu\channel.cpp">
      <Filter>Source Files</Filter>
    </ClCompile>
    <ClCompile Include="src\apu\square.cpp">
      <Filter>Source Files</Filter>
    </ClCompile>
    <ClCompile Include="src\scheduler\scheduler.cpp">
      <Filter>Source Files</Filter>
    </ClCompile>
    <ClCompile Include="src\timer\io.cpp">
      <Filter>Source Files</Filter>
    </ClCompile>
    <ClCompile Include="src\scheduler\event.cpp">
      <Filter>Source Files</Filter>
    </ClCompile>
    <ClCompile Include="src\sio\io.cpp">
      <Filter>Source Files</Filter>
    </ClCompile>
    <ClCompile Include="src\keypad\io.cpp">
      <Filter>Source Files</Filter>
    </ClCompile>
    <ClCompile Include="src\ppu\io.cpp">
      <Filter>Source Files</Filter>
    </ClCompile>
    <ClCompile Include="src\dma\io.cpp">
      <Filter>Source Files</Filter>
    </ClCompile>
    <ClCompile Include="src\arm\psr.cpp">
      <Filter>Source Files</Filter>
    </ClCompile>
    <ClCompile Include="src\dma\dmaaddress.cpp">
      <Filter>Source Files</Filter>
    </ClCompile>
    <ClCompile Include="src\gamepak\pin.cpp">
      <Filter>Source Files</Filter>
    </ClCompile>
    <ClCompile Include="src\frontend\framecounter.cpp">
      <Filter>Source Files</Filter>
    </ClCompile>
    <ClCompile Include="src\frontend\frameratelimiter.cpp">
      <Filter>Source Files</Filter>
    </ClCompile>
    <ClCompile Include="src\ppu\mapentry.cpp">
      <Filter>Source Files</Filter>
    </ClCompile>
    <ClCompile Include="src\ppu\layers.cpp">
      <Filter>Source Files</Filter>
    </ClCompile>
  </ItemGroup>
  <ItemGroup>
    <ClInclude Include="src\apu\apu.h">
      <Filter>Header Files</Filter>
    </ClInclude>
    <ClInclude Include="src\apu\channel.h">
      <Filter>Header Files</Filter>
    </ClInclude>
    <ClInclude Include="src\apu\envelope.h">
      <Filter>Header Files</Filter>
    </ClInclude>
    <ClInclude Include="src\apu\fifo.h">
      <Filter>Header Files</Filter>
    </ClInclude>
    <ClInclude Include="src\apu\io.h">
      <Filter>Header Files</Filter>
    </ClInclude>
    <ClInclude Include="src\apu\length.h">
      <Filter>Header Files</Filter>
    </ClInclude>
    <ClInclude Include="src\apu\noise.h">
      <Filter>Header Files</Filter>
    </ClInclude>
    <ClInclude Include="src\apu\square1.h">
      <Filter>Header Files</Filter>
    </ClInclude>
    <ClInclude Include="src\apu\square2.h">
      <Filter>Header Files</Filter>
    </ClInclude>
    <ClInclude Include="src\apu\sweep.h">
      <Filter>Header Files</Filter>
    </ClInclude>
    <ClInclude Include="src\apu\wave.h">
      <Filter>Header Files</Filter>
    </ClInclude>
    <ClInclude Include="src\arm\arm.h">
      <Filter>Header Files</Filter>
    </ClInclude>
    <ClInclude Include="src\arm\bios.h">
      <Filter>Header Files</Filter>
    </ClInclude>
    <ClInclude Include="src\arm\enums.h">
      <Filter>Header Files</Filter>
    </ClInclude>
    <ClInclude Include="src\arm\decode.h">
      <Filter>Header Files</Filter>
    </ClInclude>
    <ClInclude Include="src\arm\io.h">
      <Filter>Header Files</Filter>
    </ClInclude>
    <ClInclude Include="src\arm\pipeline.h">
      <Filter>Header Files</Filter>
    </ClInclude>
    <ClInclude Include="src\arm\psr.h">
      <Filter>Header Files</Filter>
    </ClInclude>
    <ClInclude Include="src\arm\registers.h">
      <Filter>Header Files</Filter>
    </ClInclude>
    <ClInclude Include="src\base\bit.h">
      <Filter>Header Files</Filter>
    </ClInclude>
    <ClInclude Include="src\base\config.h">
      <Filter>Header Files</Filter>
    </ClInclude>
    <ClInclude Include="src\base\filesystem.h">
      <Filter>Header Files</Filter>
    </ClInclude>
    <ClInclude Include="src\base\int.h">
      <Filter>Header Files</Filter>
    </ClInclude>
    <ClInclude Include="src\base\ram.h">
      <Filter>Header Files</Filter>
    </ClInclude>
    <ClInclude Include="src\base\register.h">
      <Filter>Header Files</Filter>
    </ClInclude>
    <ClInclude Include="src\base\sdl2.h">
      <Filter>Header Files</Filter>
    </ClInclude>
    <ClInclude Include="src\frontend\audiocontext.h">
      <Filter>Header Files</Filter>
    </ClInclude>
    <ClInclude Include="src\frontend\framecounter.h">
      <Filter>Header Files</Filter>
    </ClInclude>
    <ClInclude Include="src\frontend\inputcontext.h">
      <Filter>Header Files</Filter>
    </ClInclude>
    <ClInclude Include="src\frontend\frameratelimiter.h">
      <Filter>Header Files</Filter>
    </ClInclude>
    <ClInclude Include="src\frontend\videocontext.h">
      <Filter>Header Files</Filter>
    </ClInclude>
    <ClInclude Include="src\dma\dma.h">
      <Filter>Header Files</Filter>
    </ClInclude>
    <ClInclude Include="src\dma\dmachannel.h">
      <Filter>Header Files</Filter>
    </ClInclude>
    <ClInclude Include="src\dma\io.h">
      <Filter>Header Files</Filter>
    </ClInclude>
    <ClInclude Include="src\keypad\keypad.h">
      <Filter>Header Files</Filter>
    </ClInclude>
    <ClInclude Include="src\keypad\io.h">
      <Filter>Header Files</Filter>
    </ClInclude>
    <ClInclude Include="src\gamepak\eeprom.h">
      <Filter>Header Files</Filter>
    </ClInclude>
    <ClInclude Include="src\gamepak\flash.h">
      <Filter>Header Files</Filter>
    </ClInclude>
    <ClInclude Include="src\gamepak\gamepak.h">
      <Filter>Header Files</Filter>
    </ClInclude>
    <ClInclude Include="src\gamepak\gpio.h">
      <Filter>Header Files</Filter>
    </ClInclude>
    <ClInclude Include="src\gamepak\overwrites.h">
      <Filter>Header Files</Filter>
    </ClInclude>
    <ClInclude Include="src\gamepak\pin.h">
      <Filter>Header Files</Filter>
    </ClInclude>
    <ClInclude Include="src\gamepak\rom.h">
      <Filter>Header Files</Filter>
    </ClInclude>
    <ClInclude Include="src\gamepak\rtc.h">
      <Filter>Header Files</Filter>
    </ClInclude>
    <ClInclude Include="src\gamepak\save.h">
      <Filter>Header Files</Filter>
    </ClInclude>
    <ClInclude Include="src\gamepak\serialbuffer.h">
      <Filter>Header Files</Filter>
    </ClInclude>
    <ClInclude Include="src\gamepak\sram.h">
      <Filter>Header Files</Filter>
    </ClInclude>
    <ClInclude Include="src\ppu\buffer.h">
      <Filter>Header Files</Filter>
    </ClInclude>
    <ClInclude Include="src\ppu\constants.h">
      <Filter>Header Files</Filter>
    </ClInclude>
    <ClInclude Include="src\ppu\io.h">
      <Filter>Header Files</Filter>
    </ClInclude>
    <ClInclude Include="src\ppu\layers.h">
      <Filter>Header Files</Filter>
    </ClInclude>
    <ClInclude Include="src\ppu\mapentry.h">
      <Filter>Header Files</Filter>
    </ClInclude>
    <ClInclude Include="src\ppu\matrix.h">
      <Filter>Header Files</Filter>
    </ClInclude>
    <ClInclude Include="src\ppu\oam.h">
      <Filter>Header Files</Filter>
    </ClInclude>
    <ClInclude Include="src\ppu\oamentry.h">
      <Filter>Header Files</Filter>
    </ClInclude>
    <ClInclude Include="src\ppu\paletteram.h">
      <Filter>Header Files</Filter>
    </ClInclude>
    <ClInclude Include="src\ppu\point.h">
      <Filter>Header Files</Filter>
    </ClInclude>
    <ClInclude Include="src\ppu\ppu.h">
      <Filter>Header Files</Filter>
    </ClInclude>
    <ClInclude Include="src\ppu\videoram.h">
      <Filter>Header Files</Filter>
    </ClInclude>
    <ClInclude Include="src\sio\sio.h">
      <Filter>Header Files</Filter>
    </ClInclude>
    <ClInclude Include="src\timer\io.h">
      <Filter>Header Files</Filter>
    </ClInclude>
    <ClInclude Include="src\timer\timer.h">
      <Filter>Header Files</Filter>
    </ClInclude>
    <ClInclude Include="src\timer\timerchannel.h">
      <Filter>Header Files</Filter>
    </ClInclude>
    <ClInclude Include="src\apu\waveram.h">
      <Filter>Header Files</Filter>
    </ClInclude>
    <ClInclude Include="src\apu\square.h">
      <Filter>Header Files</Filter>
    </ClInclude>
    <ClInclude Include="src\scheduler\scheduler.h">
      <Filter>Header Files</Filter>
    </ClInclude>
    <ClInclude Include="src\scheduler\event.h">
      <Filter>Header Files</Filter>
    </ClInclude>
    <ClInclude Include="src\base\constants.h">
      <Filter>Header Files</Filter>
    </ClInclude>
    <ClInclude Include="src\scheduler\circularlist.h">
      <Filter>Header Files</Filter>
    </ClInclude>
    <ClInclude Include="src\scheduler\node.h">
      <Filter>Header Files</Filter>
    </ClInclude>
    <ClInclude Include="src\sio\io.h">
      <Filter>Header Files</Filter>
    </ClInclude>
    <ClInclude Include="src\dma\dmaaddress.h">
      <Filter>Header Files</Filter>
    </ClInclude>
  </ItemGroup>
  <ItemGroup>
    <None Include="src\arm\arithmetic.inl">
      <Filter>Header Files</Filter>
    </None>
    <None Include="src\arm\shifts.inl">
      <Filter>Header Files</Filter>
    </None>
    <None Include="src\arm\ticks.inl">
      <Filter>Header Files</Filter>
    </None>
    <None Include="eggvance.ini" />
  </ItemGroup>
  <ItemGroup>
    <Text Include="CMakeLists.txt" />
  </ItemGroup>
  <ItemGroup>
    <ResourceCompile Include="eggvance.rc">
      <Filter>Resource Files</Filter>
    </ResourceCompile>
  </ItemGroup>
</Project>