<?xml version="1.0" encoding="utf-8"?>
<Project ToolsVersion="4.0" xmlns="http://schemas.microsoft.com/developer/msbuild/2003">
  <ItemGroup>
    <Filter Include="Source Files">
      <UniqueIdentifier>{4FC737F1-C7A5-4376-A066-2A32D752A2FF}</UniqueIdentifier>
      <Extensions>cpp;c;cc;cxx;def;odl;idl;hpj;bat;asm;asmx</Extensions>
    </Filter>
    <Filter Include="Header Files">
      <UniqueIdentifier>{93995380-89BD-4b04-88EB-625FBE52EBFB}</UniqueIdentifier>
      <Extensions>h;hh;hpp;hxx;hm;inl;inc;ipp;xsd</Extensions>
    </Filter>
    <Filter Include="Resource Files">
      <UniqueIdentifier>{67DA6AB6-F800-4c08-8B7A-83BB121AAD01}</UniqueIdentifier>
      <Extensions>rc;ico;cur;bmp;dlg;rc2;rct;bin;rgs;gif;jpg;jpeg;jpe;resx;tiff;tif;png;wav;mfcribbon-ms</Extensions>
    </Filter>
  </ItemGroup>
  <ItemGroup>
    <ClCompile Include="src\main.cpp">
      <Filter>Source Files</Filter>
    </ClCompile>
    <ClCompile Include="icon\icon.cpp">
      <Filter>Source Files</Filter>
    </ClCompile>
    <ClCompile Include="src\emulator.cpp">
      <Filter>Source Files</Filter>
    </ClCompile>
    <ClCompile Include="src\keypad.cpp">
      <Filter>Source Files</Filter>
    </ClCompile>
    <ClCompile Include="src\arm\psr.cpp">
      <Filter>Source Files</Filter>
    </ClCompile>
    <ClCompile Include="src\arm\registers.cpp">
      <Filter>Source Files</Filter>
    </ClCompile>
    <ClCompile Include="src\common\config.cpp">
      <Filter>Source Files</Filter>
    </ClCompile>
    <ClCompile Include="src\mmio\registers\backgroundcontrol.cpp">
      <Filter>Source Files</Filter>
    </ClCompile>
    <ClCompile Include="src\mmio\registers\backgroundoffset.cpp">
      <Filter>Source Files</Filter>
    </ClCompile>
    <ClCompile Include="src\mmio\registers\backgroundparameter.cpp">
      <Filter>Source Files</Filter>
    </ClCompile>
    <ClCompile Include="src\mmio\registers\backgroundreference.cpp">
      <Filter>Source Files</Filter>
    </ClCompile>
    <ClCompile Include="src\mmio\registers\blendalpha.cpp">
      <Filter>Source Files</Filter>
    </ClCompile>
    <ClCompile Include="src\mmio\registers\blendbrightness.cpp">
      <Filter>Source Files</Filter>
    </ClCompile>
    <ClCompile Include="src\mmio\registers\blendcontrol.cpp">
      <Filter>Source Files</Filter>
    </ClCompile>
    <ClCompile Include="src\mmio\registers\displaycontrol.cpp">
      <Filter>Source Files</Filter>
    </ClCompile>
    <ClCompile Include="src\mmio\registers\displaystatus.cpp">
      <Filter>Source Files</Filter>
    </ClCompile>
    <ClCompile Include="src\mmio\registers\mosaic.cpp">
      <Filter>Source Files</Filter>
    </ClCompile>
    <ClCompile Include="src\mmio\registers\window.cpp">
      <Filter>Source Files</Filter>
    </ClCompile>
    <ClCompile Include="src\memory\cartridge\cartridge.cpp">
      <Filter>Source Files</Filter>
    </ClCompile>
    <ClCompile Include="src\memory\cartridge\fileutil.cpp">
      <Filter>Source Files</Filter>
    </ClCompile>
    <ClCompile Include="src\memory\memory.cpp">
      <Filter>Source Files</Filter>
    </ClCompile>
    <ClCompile Include="src\arm\arm.cpp">
      <Filter>Source Files</Filter>
    </ClCompile>
    <ClCompile Include="src\arm\decode.cpp">
      <Filter>Source Files</Filter>
    </ClCompile>
    <ClCompile Include="src\arm\disassembler.cpp">
      <Filter>Source Files</Filter>
    </ClCompile>
    <ClCompile Include="src\arm\instr_arm.cpp">
      <Filter>Source Files</Filter>
    </ClCompile>
    <ClCompile Include="src\arm\instr_thumb.cpp">
      <Filter>Source Files</Filter>
    </ClCompile>
    <ClCompile Include="src\arm\bus.cpp">
      <Filter>Source Files</Filter>
    </ClCompile>
    <ClCompile Include="src\arm\shifts.cpp">
      <Filter>Source Files</Filter>
    </ClCompile>
    <ClCompile Include="src\arm\lut_thumb.cpp">
      <Filter>Source Files</Filter>
    </ClCompile>
  </ItemGroup>
  <ItemGroup>
    <ClInclude Include="icon\icon.h">
      <Filter>Header Files</Filter>
    </ClInclude>
    <ClInclude Include="src\emulator.h">
      <Filter>Header Files</Filter>
    </ClInclude>
    <ClInclude Include="src\common\integer.h">
      <Filter>Header Files</Filter>
    </ClInclude>
    <ClInclude Include="src\keypad.h">
      <Filter>Header Files</Filter>
    </ClInclude>
    <ClInclude Include="src\arm\psr.h">
      <Filter>Header Files</Filter>
    </ClInclude>
    <ClInclude Include="src\arm\registers.h">
      <Filter>Header Files</Filter>
    </ClInclude>
    <ClInclude Include="src\common\config.h">
      <Filter>Header Files</Filter>
    </ClInclude>
    <ClInclude Include="src\common\macros.h">
      <Filter>Header Files</Filter>
    </ClInclude>
    <ClInclude Include="src\common\utility.h">
      <Filter>Header Files</Filter>
    </ClInclude>
    <ClInclude Include="src\mmio\registers\backgroundcontrol.h">
      <Filter>Header Files</Filter>
    </ClInclude>
    <ClInclude Include="src\mmio\registers\backgroundoffset.h">
      <Filter>Header Files</Filter>
    </ClInclude>
    <ClInclude Include="src\mmio\registers\backgroundparameter.h">
      <Filter>Header Files</Filter>
    </ClInclude>
    <ClInclude Include="src\mmio\registers\backgroundreference.h">
      <Filter>Header Files</Filter>
    </ClInclude>
    <ClInclude Include="src\mmio\registers\blendalpha.h">
      <Filter>Header Files</Filter>
    </ClInclude>
    <ClInclude Include="src\mmio\registers\blendbrightness.h">
      <Filter>Header Files</Filter>
    </ClInclude>
    <ClInclude Include="src\mmio\registers\blendcontrol.h">
      <Filter>Header Files</Filter>
    </ClInclude>
    <ClInclude Include="src\mmio\registers\displaycontrol.h">
      <Filter>Header Files</Filter>
    </ClInclude>
    <ClInclude Include="src\mmio\registers\displaystatus.h">
      <Filter>Header Files</Filter>
    </ClInclude>
    <ClInclude Include="src\mmio\registers\mosaic.h">
      <Filter>Header Files</Filter>
    </ClInclude>
    <ClInclude Include="src\mmio\registers\window.h">
      <Filter>Header Files</Filter>
    </ClInclude>
    <ClInclude Include="src\mmio\registers\windowrange.h">
      <Filter>Header Files</Filter>
    </ClInclude>
    <ClInclude Include="src\mmio\ppuio.h">
      <Filter>Header Files</Filter>
    </ClInclude>
    <ClInclude Include="src\memory\cartridge\backup.h">
      <Filter>Header Files</Filter>
    </ClInclude>
    <ClInclude Include="src\memory\cartridge\cartridge.h">
      <Filter>Header Files</Filter>
    </ClInclude>
    <ClInclude Include="src\memory\cartridge\fileutil.h">
      <Filter>Header Files</Filter>
    </ClInclude>
    <ClInclude Include="src\memory\memory.h">
      <Filter>Header Files</Filter>
    </ClInclude>
    <ClInclude Include="src\ppu\layers.h">
      <Filter>Header Files</Filter>
    </ClInclude>
    <ClInclude Include="src\ppu\constants.h">
      <Filter>Header Files</Filter>
    </ClInclude>
    <ClInclude Include="src\memory\memmap.h">
      <Filter>Header Files</Filter>
    </ClInclude>
    <ClInclude Include="src\memory\ram.h">
      <Filter>Header Files</Filter>
    </ClInclude>
    <ClInclude Include="src\arm\arm.h">
      <Filter>Header Files</Filter>
    </ClInclude>
    <ClInclude Include="src\arm\decode.h">
      <Filter>Header Files</Filter>
    </ClInclude>
    <ClInclude Include="src\arm\disassembler.h">
      <Filter>Header Files</Filter>
    </ClInclude>
  </ItemGroup>
  <ItemGroup>
    <ResourceCompile Include="eggvance.rc">
      <Filter>Resource Files</Filter>
    </ResourceCompile>
  </ItemGroup>
  <ItemGroup>
    <None Include="src\arm\arm.inl">
      <Filter>Header Files</Filter>
    </None>
    <None Include="src\arm\lut_thumb.py" />
  </ItemGroup>
</Project>