<?xml version="1.0" encoding="utf-8"?>
<Project ToolsVersion="4.0" xmlns="http://schemas.microsoft.com/developer/msbuild/2003">
  <ItemGroup>
    <Filter Include="Source Files">
      <UniqueIdentifier>{4FC737F1-C7A5-4376-A066-2A32D752A2FF}</UniqueIdentifier>
      <Extensions>cpp;c;cc;cxx;def;odl;idl;hpj;bat;asm;asmx</Extensions>
    </Filter>
    <Filter Include="Header Files">
      <UniqueIdentifier>{93995380-89BD-4b04-88EB-625FBE52EBFB}</UniqueIdentifier>
      <Extensions>h;hh;hpp;hxx;hm;inl;inc;ipp;xsd</Extensions>
    </Filter>
    <Filter Include="Resource Files">
      <UniqueIdentifier>{67DA6AB6-F800-4c08-8B7A-83BB121AAD01}</UniqueIdentifier>
      <Extensions>rc;ico;cur;bmp;dlg;rc2;rct;bin;rgs;gif;jpg;jpeg;jpe;resx;tiff;tif;png;wav;mfcribbon-ms</Extensions>
    </Filter>
  </ItemGroup>
  <ItemGroup>
    <ClCompile Include="icon\icon.cpp">
      <Filter>Source Files</Filter>
    </ClCompile>
    <ClCompile Include="src\arm\registers.cpp">
      <Filter>Source Files</Filter>
    </ClCompile>
    <ClCompile Include="src\common\config.cpp">
      <Filter>Source Files</Filter>
    </ClCompile>
    <ClCompile Include="src\arm\arm.cpp">
      <Filter>Source Files</Filter>
    </ClCompile>
    <ClCompile Include="src\arm\shifts.cpp">
      <Filter>Source Files</Filter>
    </ClCompile>
    <ClCompile Include="src\mmu\bios.cpp">
      <Filter>Source Files</Filter>
    </ClCompile>
    <ClCompile Include="src\mmu\mmu.cpp">
      <Filter>Source Files</Filter>
    </ClCompile>
    <ClCompile Include="src\ppu\ppu.cpp">
      <Filter>Source Files</Filter>
    </ClCompile>
    <ClCompile Include="src\ppu\ppuio.cpp">
      <Filter>Source Files</Filter>
    </ClCompile>
    <ClCompile Include="src\ppu\render.cpp">
      <Filter>Source Files</Filter>
    </ClCompile>
    <ClCompile Include="src\mmu\oam.cpp">
      <Filter>Source Files</Filter>
    </ClCompile>
    <ClCompile Include="src\mmu\palette.cpp">
      <Filter>Source Files</Filter>
    </ClCompile>
    <ClCompile Include="src\mmu\vram.cpp">
      <Filter>Source Files</Filter>
    </ClCompile>
    <ClCompile Include="src\mmu\io.cpp">
      <Filter>Source Files</Filter>
    </ClCompile>
    <ClCompile Include="src\arm\arithmetic.cpp">
      <Filter>Source Files</Filter>
    </ClCompile>
    <ClCompile Include="src\arm\disassemble.cpp">
      <Filter>Source Files</Filter>
    </ClCompile>
    <ClCompile Include="src\arm\bus.cpp">
      <Filter>Source Files</Filter>
    </ClCompile>
    <ClCompile Include="src\ppu\collapse.cpp">
      <Filter>Source Files</Filter>
    </ClCompile>
    <ClCompile Include="src\ppu\mapentry.cpp">
      <Filter>Source Files</Filter>
    </ClCompile>
    <ClCompile Include="src\ppu\oamentry.cpp">
      <Filter>Source Files</Filter>
    </ClCompile>
    <ClCompile Include="src\registers\bgcontrol.cpp">
      <Filter>Source Files</Filter>
    </ClCompile>
    <ClCompile Include="src\registers\bgoffset.cpp">
      <Filter>Source Files</Filter>
    </ClCompile>
    <ClCompile Include="src\registers\bgparameter.cpp">
      <Filter>Source Files</Filter>
    </ClCompile>
    <ClCompile Include="src\registers\bgreference.cpp">
      <Filter>Source Files</Filter>
    </ClCompile>
    <ClCompile Include="src\registers\blendalpha.cpp">
      <Filter>Source Files</Filter>
    </ClCompile>
    <ClCompile Include="src\registers\blendcontrol.cpp">
      <Filter>Source Files</Filter>
    </ClCompile>
    <ClCompile Include="src\registers\blendfade.cpp">
      <Filter>Source Files</Filter>
    </ClCompile>
    <ClCompile Include="src\registers\displaycontrol.cpp">
      <Filter>Source Files</Filter>
    </ClCompile>
    <ClCompile Include="src\registers\displaystatus.cpp">
      <Filter>Source Files</Filter>
    </ClCompile>
    <ClCompile Include="src\registers\dmaaddress.cpp">
      <Filter>Source Files</Filter>
    </ClCompile>
    <ClCompile Include="src\registers\dmacontrol.cpp">
      <Filter>Source Files</Filter>
    </ClCompile>
    <ClCompile Include="src\registers\dmacount.cpp">
      <Filter>Source Files</Filter>
    </ClCompile>
    <ClCompile Include="src\registers\haltcontrol.cpp">
      <Filter>Source Files</Filter>
    </ClCompile>
    <ClCompile Include="src\registers\intenabled.cpp">
      <Filter>Source Files</Filter>
    </ClCompile>
    <ClCompile Include="src\registers\intmaster.cpp">
      <Filter>Source Files</Filter>
    </ClCompile>
    <ClCompile Include="src\registers\intrequest.cpp">
      <Filter>Source Files</Filter>
    </ClCompile>
    <ClCompile Include="src\registers\keycontrol.cpp">
      <Filter>Source Files</Filter>
    </ClCompile>
    <ClCompile Include="src\registers\keyinput.cpp">
      <Filter>Source Files</Filter>
    </ClCompile>
    <ClCompile Include="src\registers\mosaic.cpp">
      <Filter>Source Files</Filter>
    </ClCompile>
    <ClCompile Include="src\registers\timercontrol.cpp">
      <Filter>Source Files</Filter>
    </ClCompile>
    <ClCompile Include="src\registers\timerdata.cpp">
      <Filter>Source Files</Filter>
    </ClCompile>
    <ClCompile Include="src\registers\vcount.cpp">
      <Filter>Source Files</Filter>
    </ClCompile>
    <ClCompile Include="src\registers\waitcontrol.cpp">
      <Filter>Source Files</Filter>
    </ClCompile>
    <ClCompile Include="src\registers\window.cpp">
      <Filter>Source Files</Filter>
    </ClCompile>
    <ClCompile Include="src\registers\windowdimension.cpp">
      <Filter>Source Files</Filter>
    </ClCompile>
    <ClCompile Include="src\mmu\gamepak\backup.cpp">
      <Filter>Source Files</Filter>
    </ClCompile>
    <ClCompile Include="src\mmu\gamepak\eeprom.cpp">
      <Filter>Source Files</Filter>
    </ClCompile>
    <ClCompile Include="src\mmu\gamepak\flash.cpp">
      <Filter>Source Files</Filter>
    </ClCompile>
    <ClCompile Include="src\mmu\gamepak\gamepak.cpp">
      <Filter>Source Files</Filter>
    </ClCompile>
    <ClCompile Include="src\mmu\gamepak\sram.cpp">
      <Filter>Source Files</Filter>
    </ClCompile>
    <ClCompile Include="src\system\dma.cpp">
      <Filter>Source Files</Filter>
    </ClCompile>
    <ClCompile Include="src\system\dmacontroller.cpp">
      <Filter>Source Files</Filter>
    </ClCompile>
    <ClCompile Include="src\system\keypad.cpp">
      <Filter>Source Files</Filter>
    </ClCompile>
    <ClCompile Include="src\system\timer.cpp">
      <Filter>Source Files</Filter>
    </ClCompile>
    <ClCompile Include="src\system\timercontroller.cpp">
      <Filter>Source Files</Filter>
    </ClCompile>
    <ClCompile Include="src\platform\sdl\main.cpp">
      <Filter>Source Files</Filter>
    </ClCompile>
    <ClCompile Include="src\platform\sdl\sdlaudiodevice.cpp">
      <Filter>Source Files</Filter>
    </ClCompile>
    <ClCompile Include="src\platform\sdl\sdlinputdevice.cpp">
      <Filter>Source Files</Filter>
    </ClCompile>
    <ClCompile Include="src\platform\sdl\sdlvideodevice.cpp">
      <Filter>Source Files</Filter>
    </ClCompile>
    <ClCompile Include="src\common\input.cpp">
      <Filter>Source Files</Filter>
    </ClCompile>
    <ClCompile Include="src\arm\instr_arm.cpp">
      <Filter>Source Files</Filter>
    </ClCompile>
    <ClCompile Include="src\arm\instr_thumb.cpp">
      <Filter>Source Files</Filter>
    </ClCompile>
    <ClCompile Include="src\mmu\bios_data.cpp">
      <Filter>Source Files</Filter>
    </ClCompile>
    <ClCompile Include="src\common\fs.cpp">
      <Filter>Source Files</Filter>
    </ClCompile>
    <ClCompile Include="src\platform\platform.cpp">
      <Filter>Source Files</Filter>
    </ClCompile>
    <ClCompile Include="src\platform\audiodevice.cpp">
      <Filter>Source Files</Filter>
    </ClCompile>
    <ClCompile Include="src\platform\inputdevice.cpp">
      <Filter>Source Files</Filter>
    </ClCompile>
    <ClCompile Include="src\platform\videodevice.cpp">
      <Filter>Source Files</Filter>
    </ClCompile>
    <ClCompile Include="src\platform\sdl\sdlplatform.cpp">
      <Filter>Source Files</Filter>
    </ClCompile>
    <ClCompile Include="src\platform\microclock.cpp">
      <Filter>Source Files</Filter>
    </ClCompile>
    <ClCompile Include="src\platform\framecounter.cpp">
      <Filter>Source Files</Filter>
    </ClCompile>
    <ClCompile Include="src\platform\synchronizer.cpp">
      <Filter>Source Files</Filter>
    </ClCompile>
  </ItemGroup>
  <ItemGroup>
    <ClInclude Include="icon\icon.h">
      <Filter>Header Files</Filter>
    </ClInclude>
    <ClInclude Include="src\common\integer.h">
      <Filter>Header Files</Filter>
    </ClInclude>
    <ClInclude Include="src\arm\psr.h">
      <Filter>Header Files</Filter>
    </ClInclude>
    <ClInclude Include="src\arm\registers.h">
      <Filter>Header Files</Filter>
    </ClInclude>
    <ClInclude Include="src\common\config.h">
      <Filter>Header Files</Filter>
    </ClInclude>
    <ClInclude Include="src\common\macros.h">
      <Filter>Header Files</Filter>
    </ClInclude>
    <ClInclude Include="src\arm\arm.h">
      <Filter>Header Files</Filter>
    </ClInclude>
    <ClInclude Include="src\mmu\memmap.h">
      <Filter>Header Files</Filter>
    </ClInclude>
    <ClInclude Include="src\mmu\bios.h">
      <Filter>Header Files</Filter>
    </ClInclude>
    <ClInclude Include="src\mmu\mmu.h">
      <Filter>Header Files</Filter>
    </ClInclude>
    <ClInclude Include="src\ppu\ppu.h">
      <Filter>Header Files</Filter>
    </ClInclude>
    <ClInclude Include="src\ppu\ppuio.h">
      <Filter>Header Files</Filter>
    </ClInclude>
    <ClInclude Include="src\ppu\buffer.h">
      <Filter>Header Files</Filter>
    </ClInclude>
    <ClInclude Include="src\common\constants.h">
      <Filter>Header Files</Filter>
    </ClInclude>
    <ClInclude Include="src\mmu\oam.h">
      <Filter>Header Files</Filter>
    </ClInclude>
    <ClInclude Include="src\mmu\palette.h">
      <Filter>Header Files</Filter>
    </ClInclude>
    <ClInclude Include="src\mmu\vram.h">
      <Filter>Header Files</Filter>
    </ClInclude>
    <ClInclude Include="src\mmu\io.h">
      <Filter>Header Files</Filter>
    </ClInclude>
    <ClInclude Include="src\common\critical.h">
      <Filter>Header Files</Filter>
    </ClInclude>
    <ClInclude Include="src\arm\decode.h">
      <Filter>Header Files</Filter>
    </ClInclude>
    <ClInclude Include="src\arm\disassemble.h">
      <Filter>Header Files</Filter>
    </ClInclude>
    <ClInclude Include="src\mmu\ram.h">
      <Filter>Header Files</Filter>
    </ClInclude>
    <ClInclude Include="src\ppu\point.h">
      <Filter>Header Files</Filter>
    </ClInclude>
    <ClInclude Include="src\ppu\dimensions.h">
      <Filter>Header Files</Filter>
    </ClInclude>
    <ClInclude Include="src\ppu\mapentry.h">
      <Filter>Header Files</Filter>
    </ClInclude>
    <ClInclude Include="src\ppu\matrix.h">
      <Filter>Header Files</Filter>
    </ClInclude>
    <ClInclude Include="src\common\enums.h">
      <Filter>Header Files</Filter>
    </ClInclude>
    <ClInclude Include="src\ppu\oamentry.h">
      <Filter>Header Files</Filter>
    </ClInclude>
    <ClInclude Include="src\registers\bgcontrol.h">
      <Filter>Header Files</Filter>
    </ClInclude>
    <ClInclude Include="src\registers\bgoffset.h">
      <Filter>Header Files</Filter>
    </ClInclude>
    <ClInclude Include="src\registers\bgparameter.h">
      <Filter>Header Files</Filter>
    </ClInclude>
    <ClInclude Include="src\registers\bgreference.h">
      <Filter>Header Files</Filter>
    </ClInclude>
    <ClInclude Include="src\registers\blendalpha.h">
      <Filter>Header Files</Filter>
    </ClInclude>
    <ClInclude Include="src\registers\blendcontrol.h">
      <Filter>Header Files</Filter>
    </ClInclude>
    <ClInclude Include="src\registers\blendfade.h">
      <Filter>Header Files</Filter>
    </ClInclude>
    <ClInclude Include="src\registers\displaycontrol.h">
      <Filter>Header Files</Filter>
    </ClInclude>
    <ClInclude Include="src\registers\displaystatus.h">
      <Filter>Header Files</Filter>
    </ClInclude>
    <ClInclude Include="src\registers\dmaaddress.h">
      <Filter>Header Files</Filter>
    </ClInclude>
    <ClInclude Include="src\registers\dmacontrol.h">
      <Filter>Header Files</Filter>
    </ClInclude>
    <ClInclude Include="src\registers\dmacount.h">
      <Filter>Header Files</Filter>
    </ClInclude>
    <ClInclude Include="src\registers\haltcontrol.h">
      <Filter>Header Files</Filter>
    </ClInclude>
    <ClInclude Include="src\registers\intenabled.h">
      <Filter>Header Files</Filter>
    </ClInclude>
    <ClInclude Include="src\registers\intmaster.h">
      <Filter>Header Files</Filter>
    </ClInclude>
    <ClInclude Include="src\registers\intrequest.h">
      <Filter>Header Files</Filter>
    </ClInclude>
    <ClInclude Include="src\registers\keycontrol.h">
      <Filter>Header Files</Filter>
    </ClInclude>
    <ClInclude Include="src\registers\keyinput.h">
      <Filter>Header Files</Filter>
    </ClInclude>
    <ClInclude Include="src\registers\macros.h">
      <Filter>Header Files</Filter>
    </ClInclude>
    <ClInclude Include="src\registers\mosaic.h">
      <Filter>Header Files</Filter>
    </ClInclude>
    <ClInclude Include="src\registers\register.h">
      <Filter>Header Files</Filter>
    </ClInclude>
    <ClInclude Include="src\registers\timercontrol.h">
      <Filter>Header Files</Filter>
    </ClInclude>
    <ClInclude Include="src\registers\timerdata.h">
      <Filter>Header Files</Filter>
    </ClInclude>
    <ClInclude Include="src\registers\vcount.h">
      <Filter>Header Files</Filter>
    </ClInclude>
    <ClInclude Include="src\registers\waitcontrol.h">
      <Filter>Header Files</Filter>
    </ClInclude>
    <ClInclude Include="src\registers\window.h">
      <Filter>Header Files</Filter>
    </ClInclude>
    <ClInclude Include="src\registers\windowdimension.h">
      <Filter>Header Files</Filter>
    </ClInclude>
    <ClInclude Include="src\mmu\gamepak\backup.h">
      <Filter>Header Files</Filter>
    </ClInclude>
    <ClInclude Include="src\mmu\gamepak\eeprom.h">
      <Filter>Header Files</Filter>
    </ClInclude>
    <ClInclude Include="src\mmu\gamepak\flash.h">
      <Filter>Header Files</Filter>
    </ClInclude>
    <ClInclude Include="src\mmu\gamepak\gamepak.h">
      <Filter>Header Files</Filter>
    </ClInclude>
    <ClInclude Include="src\mmu\gamepak\sram.h">
      <Filter>Header Files</Filter>
    </ClInclude>
    <ClInclude Include="src\system\dma.h">
      <Filter>Header Files</Filter>
    </ClInclude>
    <ClInclude Include="src\system\dmacontroller.h">
      <Filter>Header Files</Filter>
    </ClInclude>
    <ClInclude Include="src\system\keypad.h">
      <Filter>Header Files</Filter>
    </ClInclude>
    <ClInclude Include="src\system\timer.h">
      <Filter>Header Files</Filter>
    </ClInclude>
    <ClInclude Include="src\system\timercontroller.h">
      <Filter>Header Files</Filter>
    </ClInclude>
    <ClInclude Include="src\ppu\layer.h">
      <Filter>Header Files</Filter>
    </ClInclude>
    <ClInclude Include="src\platform\sdl\sdlaudiodevice.h">
      <Filter>Header Files</Filter>
    </ClInclude>
    <ClInclude Include="src\platform\sdl\sdlvideodevice.h">
      <Filter>Header Files</Filter>
    </ClInclude>
    <ClInclude Include="src\platform\sdl\sdlinputdevice.h">
      <Filter>Header Files</Filter>
    </ClInclude>
    <ClInclude Include="src\common\input.h">
      <Filter>Header Files</Filter>
    </ClInclude>
    <ClInclude Include="src\arm\gpr.h">
      <Filter>Header Files</Filter>
    </ClInclude>
    <ClInclude Include="src\common\bits.h">
      <Filter>Header Files</Filter>
    </ClInclude>
    <ClInclude Include="src\common\fs.h">
      <Filter>Header Files</Filter>
    </ClInclude>
    <ClInclude Include="src\platform\platform.h">
      <Filter>Header Files</Filter>
    </ClInclude>
    <ClInclude Include="src\platform\audiodevice.h">
      <Filter>Header Files</Filter>
    </ClInclude>
    <ClInclude Include="src\platform\device.h">
      <Filter>Header Files</Filter>
    </ClInclude>
    <ClInclude Include="src\platform\inputdevice.h">
      <Filter>Header Files</Filter>
    </ClInclude>
    <ClInclude Include="src\platform\videodevice.h">
      <Filter>Header Files</Filter>
    </ClInclude>
    <ClInclude Include="src\platform\sdl\sdlplatform.h">
      <Filter>Header Files</Filter>
    </ClInclude>
    <ClInclude Include="src\platform\microclock.h">
      <Filter>Header Files</Filter>
    </ClInclude>
    <ClInclude Include="src\platform\framecounter.h">
      <Filter>Header Files</Filter>
    </ClInclude>
    <ClInclude Include="src\platform\synchronizer.h">
      <Filter>Header Files</Filter>
    </ClInclude>
    <ClInclude Include="src\common\delegate.h">
      <Filter>Header Files</Filter>
    </ClInclude>
  </ItemGroup>
  <ItemGroup>
    <ResourceCompile Include="eggvance.rc">
      <Filter>Resource Files</Filter>
    </ResourceCompile>
  </ItemGroup>
  <ItemGroup>
    <None Include="eggvance.toml" />
    <None Include="icon\icon.ase" />
  </ItemGroup>
  <ItemGroup>
    <Text Include="CMakeLists.txt" />
  </ItemGroup>
  <ItemGroup>
    <Image Include="icon\icon.ico">
      <Filter>Resource Files</Filter>
    </Image>
    <Image Include="icon\icon.png">
      <Filter>Resource Files</Filter>
    </Image>
  </ItemGroup>
</Project>